{
  "projects": [
    {
      "projectId": "psTfKC1KCEpawf41964R83",
      "version": "latest",
      "dependencies": {
        "ohDidvG9XsCeFumugENU3J": "6.35.0",
        "caTPwKxj5ZrD9LQ7DMdK4Z": "3.48.0",
        "r3ASNrnyvLLLAtDvzUioQ": "4.14.0",
        "58GpZjZCWTaJ8AUhpCwt2K": "3.34.0",
        "szjgMQpPpxhmkjnaBvZQJG": "2.34.0"
      },
      "lang": "ts",
      "fileLocks": [
        {
          "assetId": "psTfKC1KCEpawf41964R83",
          "checksum": "6cc0c20e033fbad8afafc6b32c322e01",
          "type": "projectModule"
        },
        {
          "assetId": "psTfKC1KCEpawf41964R83",
          "checksum": "4ee45fa818c23ad770b6c98a10c7c8c1",
          "type": "styleTokensProvider"
        },
        {
          "type": "renderModule",
          "assetId": "EGysTR51Uqbc",
          "checksum": "c792dffa20028b6bc5539f826f76544e"
        },
        {
          "type": "cssRules",
          "assetId": "EGysTR51Uqbc",
          "checksum": "c792dffa20028b6bc5539f826f76544e"
        },
        {
          "assetId": "psTfKC1KCEpawf41964R83",
          "checksum": "089712df83d2697afe88ee26b30308f4",
          "type": "globalContexts"
        },
        {
          "type": "renderModule",
          "assetId": "I2LDp1LOtWHA",
          "checksum": "6f7c50b17824cca619086a110f7f866c"
        },
        {
          "type": "cssRules",
          "assetId": "I2LDp1LOtWHA",
          "checksum": "6f7c50b17824cca619086a110f7f866c"
        },
        {
          "type": "renderModule",
          "assetId": "ByEv9L-a4cG9",
          "checksum": "952aacdca5a58ca455d2c5dcdbb38000"
        },
        {
          "type": "cssRules",
          "assetId": "ByEv9L-a4cG9",
          "checksum": "952aacdca5a58ca455d2c5dcdbb38000"
        },
        {
          "type": "renderModule",
          "assetId": "XaC-VjV5Z764",
          "checksum": "9508eb7cd42ade662ca12123d09cc875"
        },
        {
          "type": "cssRules",
          "assetId": "XaC-VjV5Z764",
          "checksum": "9508eb7cd42ade662ca12123d09cc875"
        },
        {
          "type": "renderModule",
          "assetId": "AYJGLkp1JcXf",
          "checksum": "8255cbc0e6f72e59a88368a01d7de810"
        },
        {
          "type": "cssRules",
          "assetId": "AYJGLkp1JcXf",
          "checksum": "8255cbc0e6f72e59a88368a01d7de810"
        },
        {
          "type": "renderModule",
          "assetId": "qGv4u8jlOy8Y",
          "checksum": "7daceadf82b159f763befd5d9083e245"
        },
        {
          "type": "cssRules",
          "assetId": "qGv4u8jlOy8Y",
          "checksum": "7daceadf82b159f763befd5d9083e245"
        },
        {
          "type": "renderModule",
          "assetId": "-FEwWYTTtKo6",
          "checksum": "7e92485df911679cea538a136ee8a9d0"
        },
        {
          "type": "cssRules",
          "assetId": "-FEwWYTTtKo6",
          "checksum": "7e92485df911679cea538a136ee8a9d0"
        },
        {
          "type": "renderModule",
          "assetId": "2BkUWwmz_K01",
          "checksum": "58571c599ffdd091a4478514d0aae08e"
        },
        {
          "type": "cssRules",
          "assetId": "2BkUWwmz_K01",
          "checksum": "58571c599ffdd091a4478514d0aae08e"
        },
        {
          "type": "renderModule",
          "assetId": "jzvN_9UyJix7",
          "checksum": "4e6410fab4a08fdbd860ec7454b876b8"
        },
        {
          "type": "cssRules",
          "assetId": "jzvN_9UyJix7",
          "checksum": "4e6410fab4a08fdbd860ec7454b876b8"
        },
        {
          "type": "renderModule",
          "assetId": "b-UKtaLO3ybb",
          "checksum": "a3ac65781cecd65165ea5c646103123e"
        },
        {
          "type": "cssRules",
          "assetId": "b-UKtaLO3ybb",
          "checksum": "a3ac65781cecd65165ea5c646103123e"
        },
        {
          "type": "renderModule",
          "assetId": "K0YXB37e0bcf",
          "checksum": "2059ce73ee11ed51d5046a4de8363f0a"
        },
        {
          "type": "cssRules",
          "assetId": "K0YXB37e0bcf",
          "checksum": "2059ce73ee11ed51d5046a4de8363f0a"
        },
        {
          "type": "icon",
          "assetId": "qbkMrV1n3ib6",
          "checksum": "18ef074fc4a51cb0e770e6c5dd512d7c"
        },
        {
          "type": "icon",
          "assetId": "kfnKVrVipjLb",
          "checksum": "ddc82f1a3cd288590d4a64f8485c2b57"
        },
        {
          "type": "icon",
          "assetId": "y-tLsq6kEsJP",
          "checksum": "ebc98d471960986e1b5d89075b42f922"
        },
        {
          "type": "icon",
          "assetId": "XFJyHya7lf3b",
          "checksum": "e31ac5423ab2311c26af976c98f91500"
        },
        {
          "type": "icon",
          "assetId": "VpgRTTbzi6cX",
          "checksum": "c4f0ac8efd9083a76151b718807c6000"
        },
        {
          "type": "icon",
          "assetId": "fZY7Wjy990Bp",
          "checksum": "4305878f26e911f01b3fcef65912aaac"
        },
        {
          "type": "icon",
          "assetId": "RK-f6Alh_Hpi",
          "checksum": "6a106c1e568fa491e689b973bbb8b350"
        },
        {
          "type": "icon",
          "assetId": "OAYvWkcwthhC",
          "checksum": "b29d4803fbbd327a23899ce4b662f5f1"
        },
        {
          "type": "icon",
          "assetId": "TARt3YH7xxSe",
          "checksum": "8c72af2cf8686c3fcbf7b094640ff799"
        },
        {
          "type": "icon",
          "assetId": "dGPIW6aflri9",
          "checksum": "b40533a487831fc0b8c8755f6884a60e"
        },
        {
          "type": "icon",
          "assetId": "XgA_RVGwiqKb",
          "checksum": "e43a60613db451b1a89fdcda07d432e4"
        },
        {
          "type": "icon",
          "assetId": "qxy8p1nuxCUN",
          "checksum": "5ae6df86b8cea913f41b1b891ab18065"
        },
        {
          "type": "icon",
          "assetId": "4rAO0-4H60Qg",
          "checksum": "49e2c4608e6c5f7098fcf11aee25aa71"
        },
        {
          "type": "icon",
          "assetId": "ay_I7BjF1GO4",
          "checksum": "a1fc95eff069851bb71f5a6a10353d76"
        },
        {
          "type": "icon",
          "assetId": "-uhuTyNiBT58",
          "checksum": "5b72638ee775681c39e99b21f10d84eb"
        },
        {
          "type": "icon",
          "assetId": "pMweaNOjmOLO",
          "checksum": "039bdc43e5cd732233852e554b65ff20"
        },
        {
          "type": "icon",
          "assetId": "79lptLX2B24e",
          "checksum": "4a7a6998bd17d408f92bc7faac385a6a"
        },
        {
          "type": "image",
          "assetId": "FtHYWfkkWyBg",
          "checksum": "018108b1a9eabd7c5992566c650c254e"
        },
        {
          "type": "image",
          "assetId": "Yah-O2eXLWAk",
          "checksum": "c8d56243c9a98a3945358bd49b635148"
        },
        {
          "type": "image",
          "assetId": "UrPMpd0r4qoB",
          "checksum": "21399693f7821c6b3d830310cfb799f3"
        },
        {
          "type": "image",
          "assetId": "d0s1aDJqc3ml",
          "checksum": "2e8fd78472e8ad3ecfbe2b91a780eee2"
        },
        {
          "type": "image",
          "assetId": "75yIQj-XL-5R",
          "checksum": "eb7e2de633387496cb23971c244e06bf"
        },
        {
          "type": "image",
          "assetId": "hLqdsydfXyD8",
          "checksum": "043378df53fa70d43132d512cf46bc72"
        },
        {
          "type": "image",
          "assetId": "PyN8QCMuLPL9",
          "checksum": "40f8944fdbe5e38258e0b9cb5927f6d3"
        },
        {
          "type": "image",
          "assetId": "GR9oJRUIIf8u",
          "checksum": "5310325b482d4624115b89f7eb500537"
        },
        {
          "type": "image",
          "assetId": "oBhPEKgFYe6Q",
          "checksum": "a08e62266fcc4e36e9d599a32dc769b7"
        },
        {
          "type": "image",
          "assetId": "U6b0ZPqrND2w",
          "checksum": "0a08f103e2d31f66b4ab40efcc5abec3"
        },
        {
          "type": "image",
          "assetId": "ZZ4EGA5Rc4Q4",
          "checksum": "b8c313c09ac4ee8eea53d56a3e2839d3"
        },
        {
          "type": "image",
          "assetId": "5IuaO_3ZlvJg",
          "checksum": "edb074b8ee6b6d3b01c9d56fa685e4fe"
        },
        {
          "type": "image",
          "assetId": "Nc82D9eKtgIz",
          "checksum": "67664c2f9b1c4909ac613e314395a564"
        },
        {
          "type": "image",
          "assetId": "D0yZjuJVOLdl",
          "checksum": "8c1f2faf23c41cbb7f14e399cc261505"
        },
        {
          "type": "image",
          "assetId": "1ELuiPzLE_Un",
          "checksum": "57f576a9173dd8713a19a1b81b41b336"
        },
        {
          "type": "image",
          "assetId": "3XQ5l7P3xvIM",
          "checksum": "f1329bcdbbf2e1930edee4a035287020"
        },
        {
          "type": "image",
          "assetId": "wba5F2nhM3He",
          "checksum": "f3364a3aadb59bb9edf56add83ce6593"
        },
        {
          "type": "image",
          "assetId": "WiNoW9O6iwhu",
          "checksum": "04355a90c316a75cdd4c50f3942af101"
        },
        {
          "type": "image",
          "assetId": "yDkQpPbUWVgq",
          "checksum": "660b452ad6e2d4ee73646e7a403c7d2d"
        },
        {
          "type": "image",
          "assetId": "oQC12yk-L7Fj",
          "checksum": "9204837445139a255df84dfbc578eb0f"
        },
        {
          "type": "image",
          "assetId": "ns_HR8wrhgog",
          "checksum": "dc9466885b2cea0261c2b09a17e9f6a4"
        },
        {
          "type": "image",
          "assetId": "D6eE9FFW96W7",
          "checksum": "5974a4b548ce523e02dcbf1b33da31e9"
        },
        {
          "type": "image",
          "assetId": "DoCLrJecz0As",
          "checksum": "db0909a80d7fb9783aee31d243c4838b"
        },
        {
          "type": "image",
          "assetId": "8SbZjk5-PGrq",
          "checksum": "e50d9f68f86097abe30aa369371ba516"
        },
        {
          "type": "image",
          "assetId": "nRa57Mm6uZLD",
          "checksum": "be03c9dd916f6a75e28303d5ba93c133"
        },
        {
          "type": "image",
          "assetId": "L3MscVT95To1",
          "checksum": "eb8574cf79bd6289b549c4ef2ee6cd91"
        },
        {
          "type": "image",
          "assetId": "gYZIzjW9sGM-",
          "checksum": "c8dd10083b360add55667136470716cf"
        },
        {
          "type": "image",
          "assetId": "9jPWI4H01Cj_",
          "checksum": "92de192e10ac6bf9db8a3ef95709d803"
        },
        {
          "type": "image",
          "assetId": "9wYp0KI5SKtO",
          "checksum": "e8faafef559be95e891250a7f23fd7d3"
        },
        {
          "type": "image",
          "assetId": "aiDci5AbjB5Z",
          "checksum": "14dd3e4f9b074928c8bfee3bd71ff2e1"
        },
        {
          "type": "image",
          "assetId": "ite3dWP8ak-F",
          "checksum": "4f964eb4811ddb8da41afc9381540feb"
        },
        {
          "type": "image",
          "assetId": "5AtZk3Se9U6P",
          "checksum": "e4b231a7646781f55e624282aeac812d"
        },
        {
          "type": "image",
          "assetId": "aE_fY_TaOm0E",
          "checksum": "51b675d12a23e4389d67d0f99beb4c0c"
        },
        {
          "type": "image",
          "assetId": "3-xU7exn9Jor",
          "checksum": "2c1bc3df9f052551a74d25d1ca662af8"
        },
        {
          "type": "image",
          "assetId": "YrUqkYHE2yCI",
          "checksum": "d74114cb4a4491cfad858fbcd6ff4ba3"
        },
        {
          "type": "image",
          "assetId": "ZofNGdmAhinB",
          "checksum": "a29f7d1cfb76793d6252a1a19b3b1484"
        },
        {
          "type": "image",
          "assetId": "8lijqG54M3G8",
          "checksum": "996dfea5fbf650efe63a079a899a8eea"
        },
        {
          "type": "image",
          "assetId": "QGWTqQDHw8bP",
          "checksum": "b942c161282125ec829f60ac4e6ebefb"
        },
        {
          "type": "image",
          "assetId": "iQhmBrk39JO0",
          "checksum": "78fa94b0d5d2784af6365c1e77009701"
        },
        {
          "type": "image",
          "assetId": "9Zu7pzYAAX77",
          "checksum": "bc7b341ed7cbfc89eb80c0357b75d5fe"
        },
        {
          "type": "image",
          "assetId": "ywtKU1mNLWYS",
          "checksum": "678a6d2c1298cba2c55c6a110c47086d"
        },
        {
          "type": "image",
          "assetId": "r-JFbO2vyr5r",
          "checksum": "e0d5a12ed42f96b46aecd8c040df4320"
        },
        {
          "type": "image",
          "assetId": "GE1uF6v6ej78",
          "checksum": "0e99c10b6e43c87c40734733c00f279a"
        },
        {
          "type": "image",
          "assetId": "iKQZxZ1lOnKB",
          "checksum": "c5ec62abc6928d3ff33d6a52c2c7f33a"
        },
        {
          "type": "image",
          "assetId": "RP6yPCxFl05h",
          "checksum": "b0e62734f6b53c87d76a61720602a0d1"
        },
        {
          "type": "image",
          "assetId": "SBIplYTS3Vxd",
          "checksum": "62e24e7a34464a6f57b21e7f7d057520"
        },
        {
          "type": "image",
          "assetId": "bBJUhVTA0Q1Z",
          "checksum": "6dd2b69fde1d951eb70049c29ca07734"
        },
        {
          "type": "image",
          "assetId": "8gNwcAq5RI5Z",
          "checksum": "b07dd60ca2a94b9c4fb213885beecc35"
        },
        {
          "type": "image",
          "assetId": "oiVCFb1dXIQl",
          "checksum": "1645645662fdc6efedfc61c26dd76b67"
        },
        {
          "type": "image",
          "assetId": "LBOHeAuy3jny",
          "checksum": "1226014909a396107d68f9721cbbf9b1"
        },
        {
          "type": "image",
          "assetId": "EKVEDq9CBeyY",
          "checksum": "5df0d5c36b33414e2670c2887f6fc6ae"
        },
        {
          "type": "image",
          "assetId": "etMsmam7imOw",
          "checksum": "b9b4bf59c99e748c3664e2dfb6bc4a71"
        },
        {
          "type": "image",
          "assetId": "erPeQiGMXHrl",
          "checksum": "6dec0398a44f5290af11510def6f2fc4"
        },
        {
          "type": "image",
          "assetId": "1kom0EN_dTPN",
          "checksum": "9e45e9964ec2c5f9b328f0cfe4416ee0"
        },
        {
          "type": "image",
          "assetId": "HVHCIFDzgo8f",
          "checksum": "9146041cf30f5674683d5f78d13ce6fd"
        },
        {
          "type": "image",
          "assetId": "yt3N-zQdfbSe",
          "checksum": "001e8d3afb587727a7802b3da77ab501"
        },
        {
          "type": "image",
          "assetId": "MXnqpOvBZM1I",
          "checksum": "1b50c930b7b50dd830b60b69539d0f59"
        },
        {
          "type": "image",
          "assetId": "PNHiGxfTtZtU",
          "checksum": "3adc8c2aaeddd7afc4ba9dde5a366bdb"
        },
        {
          "type": "image",
          "assetId": "X_Uujs8vZU7J",
          "checksum": "e121a37466d354ed8990b26718968bcc"
        },
        {
          "type": "image",
          "assetId": "DK5xlXqMyDbp",
          "checksum": "c70ccc88159f3623cbbaf69577db3e1f"
        },
        {
          "type": "image",
          "assetId": "49qiEP9svp-Z",
          "checksum": "357830c7066d649eaedf7ccf8615bb43"
        },
        {
          "type": "image",
          "assetId": "1NTOARy8dZHT",
          "checksum": "08806640c83bf3318f7d4f4f54a101ac"
        },
        {
          "type": "image",
          "assetId": "J8PCx4FhazZY",
          "checksum": "0ebcb567023d9d85dead7a5ef99897f2"
        },
        {
          "type": "image",
          "assetId": "yGqYmiPlC4JN",
          "checksum": "ca5b768e5cbac60de3a0630e54e67cb3"
        },
        {
          "type": "image",
          "assetId": "C2WslM5zgF7-",
          "checksum": "8ec51a4dbe5c2aab2b8b58700bdaa4dd"
        },
        {
          "type": "image",
          "assetId": "e5qPnPz76YB9",
          "checksum": "98737d9ae798a86309a46fe911b66305"
        },
        {
          "type": "image",
          "assetId": "OTjZMZVHRofD",
          "checksum": "9850916cf1f12b217dbee6890e960fe5"
        },
        {
          "type": "image",
          "assetId": "g5dNHtXGvqaL",
          "checksum": "923c55fb90c0301928ffb26a0e6c949d"
        },
        {
          "type": "image",
          "assetId": "jqIx5H_6ISMj",
          "checksum": "d76586f706d86c97c0f5c73f5905c7c2"
        },
        {
          "type": "image",
          "assetId": "x9ZakcvH18xs",
          "checksum": "a5ad7e67e624391ddc117bb826c7b745"
        },
        {
          "type": "image",
          "assetId": "84fGwDuoiob_",
          "checksum": "4d78b6ea3c692545b028bb1e320c8413"
        },
        {
          "type": "image",
          "assetId": "_RjzJNHTzccH",
          "checksum": "b5489602ef8deada7fe017e65ed4a9fb"
        },
        {
          "type": "image",
          "assetId": "Jar7rGcYT_gh",
          "checksum": "9c96c16a4f4b2904ca24d8cccd22ffea"
        },
        {
          "type": "image",
          "assetId": "i2x7Y1TnbbR0",
          "checksum": "26effcc70997f8ee59c1ccaea98aec32"
        },
        {
          "type": "image",
          "assetId": "3tK6O7wiPyH0",
          "checksum": "0b124da7d92a5efb914fbfc35a5b37f4"
        },
        {
          "type": "image",
          "assetId": "kRXUNuZpL39N",
          "checksum": "abcd5d75001852605f9eff68ee63b030"
        },
        {
          "type": "image",
          "assetId": "j5fbq-INrJP1",
          "checksum": "ea6f0ffdc9a1daa0e190a1e888eda40c"
        },
        {
          "type": "image",
          "assetId": "BHLuXDSdFlmw",
          "checksum": "825ba0c8c58080a002fdb07ea9bd548f"
        },
        {
          "type": "image",
          "assetId": "OqRTsmKwfDSF",
          "checksum": "31e523528393f873c7a8b2bd95b2417a"
        },
        {
          "type": "image",
          "assetId": "qwrrOK-iaDPW",
          "checksum": "96853854bb2e4b46e18483e6ec2f61ca"
        },
        {
          "type": "image",
          "assetId": "wlc3nnE8yj72",
          "checksum": "37ed8b2872bd984b86663dc0bfe0e28c"
        },
        {
          "type": "image",
          "assetId": "8FoOIOi2jFZw",
          "checksum": "76a0181c0919ecd27431f48effacbf33"
        },
        {
          "type": "image",
          "assetId": "wYnypyILqj5i",
          "checksum": "a242c6487d0075f18770f50be96f7158"
        },
        {
          "type": "image",
          "assetId": "Y8eNSkOS6wCw",
          "checksum": "3ac82cc58a1d42dd673a5e2388e9e7ef"
        },
        {
          "type": "image",
          "assetId": "W2--snC02M-H",
          "checksum": "e552bbfad0dd946b0fda841d120c3324"
        },
        {
          "type": "image",
          "assetId": "Yqrssy-agVdP",
          "checksum": "aed9f2d344247afc09c7598bb209bc21"
        },
        {
          "type": "renderModule",
          "assetId": "WRX8WwTCusqp",
          "checksum": "654a630eb4d8f81e65bd8c9cdfc8c5a1"
        },
        {
          "type": "cssRules",
          "assetId": "WRX8WwTCusqp",
          "checksum": "654a630eb4d8f81e65bd8c9cdfc8c5a1"
        },
        {
          "type": "globalVariant",
          "assetId": "jAD6DNsnouYe",
          "checksum": "e54dc5c0a86553353db8f22cb2167b0b"
        },
        {
          "type": "renderModule",
          "assetId": "68rA_srnr6X-",
          "checksum": "2a74e0be896082a6eb103c947b68d9fd"
        },
        {
          "type": "cssRules",
          "assetId": "68rA_srnr6X-",
          "checksum": "2a74e0be896082a6eb103c947b68d9fd"
        },
        {
          "type": "renderModule",
          "assetId": "oLYVPsXQxEKj",
          "checksum": "13f362d291dbe19251cde8978c818d7e"
        },
        {
          "type": "cssRules",
          "assetId": "oLYVPsXQxEKj",
          "checksum": "13f362d291dbe19251cde8978c818d7e"
        },
        {
          "type": "renderModule",
          "assetId": "_Rztc5pyT7uy",
          "checksum": "a384b91d6be29192663bbe001b068199"
        },
        {
          "type": "cssRules",
          "assetId": "_Rztc5pyT7uy",
          "checksum": "a384b91d6be29192663bbe001b068199"
        },
        {
          "type": "renderModule",
          "assetId": "V2c94nqSTYeI",
          "checksum": "60aa3360c5d4a5d08540dc006f4c46e6"
        },
        {
          "type": "cssRules",
          "assetId": "V2c94nqSTYeI",
          "checksum": "60aa3360c5d4a5d08540dc006f4c46e6"
        },
        {
          "type": "renderModule",
          "assetId": "8gpFZfE-uE53",
          "checksum": "21d48405b812b6d8f0a610e8125465ba"
        },
        {
          "type": "cssRules",
          "assetId": "8gpFZfE-uE53",
          "checksum": "21d48405b812b6d8f0a610e8125465ba"
        },
        {
          "type": "renderModule",
          "assetId": "1s9anK6EM1jR",
          "checksum": "5c31263b8ffb84eafdb74750343ed09c"
        },
        {
          "type": "cssRules",
          "assetId": "1s9anK6EM1jR",
          "checksum": "5c31263b8ffb84eafdb74750343ed09c"
        },
        {
          "type": "icon",
          "assetId": "1vkenPBMAvMc",
          "checksum": "1d2a79a4a75baebda811fca255c6889f"
        },
        {
          "type": "icon",
          "assetId": "PpHpK9cvCFD3",
          "checksum": "0470a7503488aa28fe396a7502570b33"
        },
        {
          "type": "icon",
          "assetId": "3IdZIOhpsWyR",
          "checksum": "9d5d8d2a8a0611f3585863bf6b325d4b"
        },
        {
          "type": "icon",
          "assetId": "nF9qwbY4aGRo",
          "checksum": "e68dab93ce45344fd9fe53b0194356ee"
        },
        {
          "type": "icon",
          "assetId": "gip8kBVK6JDK",
          "checksum": "513594632a9030b221c07d62e9cb5c9f"
        },
        {
          "type": "icon",
          "assetId": "MR9ohttp7vGq",
          "checksum": "0b312be6bf222fa6992c02c69f5a82be"
        },
        {
          "type": "icon",
          "assetId": "cUskdMbAEERQ",
          "checksum": "ebfc598c2d510b8f6c6bc44ae1dadd81"
        },
        {
          "type": "icon",
          "assetId": "wNdK3T8Hc-7g",
          "checksum": "acd4d55592d92dc188116d6044e485b3"
        },
        {
          "type": "icon",
          "assetId": "iCfth1SBeZWN",
          "checksum": "4e78da0c87acd4bd713e5de1742c15fb"
        },
        {
          "type": "icon",
          "assetId": "CSacns_2K9Hx",
          "checksum": "33f6873a211bc692e61c0966a728fca1"
        },
        {
          "type": "icon",
          "assetId": "7pBfmr7OGopF",
          "checksum": "0308d89f2a55de5a334bef05ed98d6af"
        },
        {
          "type": "icon",
          "assetId": "X65GasMpaTbE",
          "checksum": "8db3a8d4f253f8fab852e6d14a419ca6"
        },
        {
          "type": "icon",
          "assetId": "tYuEZBQfkaeU",
          "checksum": "ed9840c2064dc5c93cb72f792a3047ef"
        },
        {
          "type": "icon",
          "assetId": "luuFW1akKmGz",
          "checksum": "c1505cdd42576c1215933178ce5a02a2"
        },
        {
          "type": "icon",
          "assetId": "c7s3X6sNSi6X",
          "checksum": "494978cd8e42b58c5ffe7922c4dd4aad"
        },
        {
          "type": "icon",
          "assetId": "8zGtC8dwkmAM",
          "checksum": "26b886f271742cb67f650eaff37fc12a"
        },
        {
          "type": "icon",
          "assetId": "fUtLm78Aqb04",
          "checksum": "896d40fa126bbee58288c51859f5f25c"
        },
        {
          "type": "icon",
          "assetId": "aO0nv_le294f",
          "checksum": "fd62fea258a1baa7bab841fdcd0224d3"
        },
        {
          "type": "icon",
          "assetId": "x7hCoDqDSB6f",
          "checksum": "b11b15dd65f760af285f59db4da3e614"
        },
        {
          "type": "icon",
          "assetId": "xFOHfc1A93B7",
          "checksum": "bd6aa23b18eca6ffff455af0d5597e5a"
        },
        {
          "type": "icon",
          "assetId": "T0XC3qtICzjc",
          "checksum": "a4530ae69d5f2cf410f5e55502b8389f"
        },
        {
          "type": "icon",
          "assetId": "CVr69XScVJoK",
          "checksum": "da446b34c1cf97d73d94f041cf0ae1b4"
        },
        {
          "type": "icon",
          "assetId": "UpAnJjzLjF32",
          "checksum": "b1c981616df4c770ee4a2bff4245d600"
        },
        {
          "type": "icon",
          "assetId": "l9hxSm492Q6h",
          "checksum": "9acd546f76f8928064e400c6f67312ee"
        },
        {
          "type": "icon",
          "assetId": "e78U2qS1_7YJ",
          "checksum": "be87597b44b14bf2b45dba605b25d3ac"
        },
        {
          "type": "icon",
          "assetId": "e7t0sa5dNkUL",
          "checksum": "f27dd19a5a1e3a5bdec2ee2a9d644cad"
        },
        {
          "type": "icon",
          "assetId": "prsoYPYhiXH5",
          "checksum": "c8da47b98f78c22c39febd70c8b2c0ea"
        },
        {
          "type": "icon",
          "assetId": "L9Y_Xh513Bn2",
          "checksum": "bb02135732a4295ddf7f01bb4a3ad3d9"
        },
        {
          "type": "icon",
          "assetId": "KAb7wzztbTRo",
          "checksum": "2cbb5e7e3bb628c97318b1053de25077"
        },
        {
          "type": "icon",
          "assetId": "EezRgQ-v1l7D",
          "checksum": "2e32c8f88ff93ad3e9b2d466e846904e"
        },
        {
          "type": "image",
          "assetId": "dCAvuTEEgQTH",
          "checksum": "fc93fb1c9008d887b70c5d7c8e7b1836"
        },
        {
          "type": "image",
          "assetId": "tcDsSKAe7GXh",
          "checksum": "497f9999c8e3b3a913abe4c8bc89c384"
        },
        {
          "type": "image",
          "assetId": "fsm6o_tjWV_d",
          "checksum": "98ff290b85b248648c90ff9a5e61a86a"
        },
        {
          "type": "image",
          "assetId": "NmkVrUUB12su",
          "checksum": "8688e910cdaad43a21e39159bcbdec23"
        },
        {
          "type": "image",
          "assetId": "4oDoUdvWcpLX",
          "checksum": "d78bf8e15f0a62299804df7818344e18"
        },
        {
          "type": "image",
          "assetId": "xJmdvJuU8eIm",
          "checksum": "cdaa2b328d86b4a9818289c7d8eef16f"
        },
        {
          "type": "image",
          "assetId": "6yab6h5fhTrW",
          "checksum": "c0e2cf769a60124ae1f8b6432ab9cfd8"
        },
        {
          "type": "renderModule",
          "assetId": "4KZR63u771JT",
          "checksum": "a86cfd3cae0269c802fce3faacddf7e0"
        },
        {
          "type": "cssRules",
          "assetId": "4KZR63u771JT",
          "checksum": "a86cfd3cae0269c802fce3faacddf7e0"
        },
        {
          "type": "renderModule",
          "assetId": "dFVNtjaaa5OX",
          "checksum": "f3b3729866f55f59a0a91b9f52f0942a"
        },
        {
          "type": "cssRules",
          "assetId": "dFVNtjaaa5OX",
          "checksum": "f3b3729866f55f59a0a91b9f52f0942a"
        },
        {
          "type": "icon",
          "assetId": "bw-SV7gHdodD",
          "checksum": "0bd8dd2370dbef97152aee314a073423"
        },
        {
          "type": "icon",
          "assetId": "EOndTlxBpV27",
          "checksum": "f289313d1475360f0baf1fd14054a4b3"
        },
        {
          "type": "image",
          "assetId": "v3Jio_lUDGBy",
          "checksum": "5f4566f700ce3efd3f634707ee6c1a19"
        },
        {
          "type": "renderModule",
          "assetId": "IWAG93DqZ671",
          "checksum": "b9380cc648e9820ca76675435a4138f6"
        },
        {
          "type": "cssRules",
          "assetId": "IWAG93DqZ671",
          "checksum": "b9380cc648e9820ca76675435a4138f6"
        },
        {
          "type": "image",
          "assetId": "FUukEpYssI7U",
          "checksum": "8f6401217c0d3bf6a89b04350103b39f"
        },
        {
          "type": "image",
          "assetId": "qnOklfTdfUf0",
          "checksum": "3b5dd9aad2101521e36416098289c34b"
        },
        {
          "type": "image",
          "assetId": "tlflhxmixoYE",
          "checksum": "92d71bfdc8f8c8ea7e2c9a6d4d2fc516"
        },
        {
          "type": "image",
          "assetId": "aeYb_2Qb5QS9",
          "checksum": "abd4543e0dbfbf397b4592c623d8686c"
        },
        {
          "type": "image",
          "assetId": "efW0BnzdOKp3",
          "checksum": "fe8f693edba654b267beef52dd57aca6"
        },
        {
          "type": "image",
          "assetId": "Hy1i3rcsYHz5",
          "checksum": "de596210aa5e7a44a4c23315bf54f0a4"
        },
        {
          "type": "image",
          "assetId": "XaFEUeYfu2vR",
          "checksum": "5edceb80e4e465970c1031370633614c"
        },
        {
          "type": "image",
          "assetId": "l7zKIYYZXGrX",
          "checksum": "961e83f9d10e41907566b80da13b59aa"
        },
        {
          "type": "renderModule",
          "assetId": "CzpJjqkoJlCS",
          "checksum": "f05d08706983c10fe450f6fb25e766cb"
        },
        {
          "type": "cssRules",
          "assetId": "CzpJjqkoJlCS",
          "checksum": "f05d08706983c10fe450f6fb25e766cb"
        },
        {
          "type": "renderModule",
          "assetId": "dNhLg95F1Nhu",
          "checksum": "9532991c8f21ac0f80611e8fdb2ac9fd"
        },
        {
          "type": "cssRules",
          "assetId": "dNhLg95F1Nhu",
          "checksum": "9532991c8f21ac0f80611e8fdb2ac9fd"
        },
        {
          "assetId": "psTfKC1KCEpawf41964R83",
          "type": "projectCss",
          "checksum": "8072357f1e4e259ff438440d379c7737"
        }
      ],
      "codegenVersion": "0.0.2"
    },
    {
      "projectId": "r3ASNrnyvLLLAtDvzUioQ",
      "version": "4.14.0",
      "dependencies": {},
      "lang": "ts",
      "fileLocks": [
        {
          "assetId": "r3ASNrnyvLLLAtDvzUioQ",
          "type": "projectCss",
          "checksum": "a92f8a81c335659a69443e50fd02af8c"
        },
        {
          "assetId": "r3ASNrnyvLLLAtDvzUioQ",
          "checksum": "846ced67e884d585685846cb36f03a5c",
          "type": "projectModule"
        },
        {
          "assetId": "r3ASNrnyvLLLAtDvzUioQ",
          "checksum": "6e6cccbb833b597eb714b131539c7bf5",
          "type": "styleTokensProvider"
        }
      ],
      "codegenVersion": "0.0.2"
    },
    {
      "projectId": "caTPwKxj5ZrD9LQ7DMdK4Z",
      "version": "3.48.0",
      "dependencies": {},
      "lang": "ts",
      "fileLocks": [
        {
          "assetId": "caTPwKxj5ZrD9LQ7DMdK4Z",
          "type": "projectCss",
          "checksum": "a92f8a81c335659a69443e50fd02af8c"
        },
        {
          "assetId": "caTPwKxj5ZrD9LQ7DMdK4Z",
          "checksum": "5f8b503a54d81c7ee5a80fe9a5b1455f",
          "type": "projectModule"
        },
        {
          "assetId": "caTPwKxj5ZrD9LQ7DMdK4Z",
          "checksum": "a64de52d4813f05feeef174d99168c7a",
          "type": "styleTokensProvider"
        }
      ],
      "codegenVersion": "0.0.2"
    },
    {
      "projectId": "ohDidvG9XsCeFumugENU3J",
      "version": "6.35.0",
      "dependencies": {},
      "lang": "ts",
      "fileLocks": [
        {
          "assetId": "ohDidvG9XsCeFumugENU3J",
          "type": "projectCss",
          "checksum": "3f9cfe65194658f53dac7546f4bf0ebe"
        },
        {
          "assetId": "ohDidvG9XsCeFumugENU3J",
          "checksum": "be3f0aaba617feb7e002ecfd303a0f73",
          "type": "globalContexts"
        },
        {
          "assetId": "ohDidvG9XsCeFumugENU3J",
          "checksum": "fb807fe3705f30ea295ebfad5287dd4b",
          "type": "projectModule"
        },
        {
          "assetId": "ohDidvG9XsCeFumugENU3J",
          "checksum": "89d9d71e8cbe5cd52b12e923833f83f8",
          "type": "styleTokensProvider"
        }
      ],
      "codegenVersion": "0.0.2"
    },
    {
      "projectId": "szjgMQpPpxhmkjnaBvZQJG",
      "version": "2.34.0",
      "dependencies": {},
      "lang": "ts",
      "fileLocks": [
        {
          "assetId": "szjgMQpPpxhmkjnaBvZQJG",
          "type": "projectCss",
          "checksum": "aa5602fb1c7760bdc8770a5a6b68262e"
        },
        {
          "assetId": "szjgMQpPpxhmkjnaBvZQJG",
          "checksum": "ed55b64e5535458ad86e33f6646dadc9",
          "type": "projectModule"
        },
        {
          "assetId": "szjgMQpPpxhmkjnaBvZQJG",
          "checksum": "fc47cd46c9aa57ddafa19b32ab29ce9d",
          "type": "styleTokensProvider"
        }
      ],
      "codegenVersion": "0.0.2"
    },
    {
      "projectId": "58GpZjZCWTaJ8AUhpCwt2K",
      "version": "3.34.0",
      "dependencies": {},
      "lang": "ts",
      "fileLocks": [
        {
          "assetId": "58GpZjZCWTaJ8AUhpCwt2K",
          "type": "projectCss",
          "checksum": "10b608311824a80e7c6511951671d9ed"
        },
        {
          "assetId": "58GpZjZCWTaJ8AUhpCwt2K",
          "checksum": "dd1bd3cd83a88e2a0cc47887c2f90093",
          "type": "projectModule"
        },
        {
          "assetId": "58GpZjZCWTaJ8AUhpCwt2K",
          "checksum": "f3e149b979cba0655755409bcb3982a8",
          "type": "styleTokensProvider"
        }
      ],
      "codegenVersion": "0.0.2"
    }
  ],
  "cliVersion": "0.1.351"
}
